// !$*UTF8*$!
{
	archiveVersion = 1;
	classes = {
	};
	objectVersion = 46;
	objects = {

/* Begin PBXBuildFile section */
		F63C31501D221371004E1CCE /* HRCRunLoopInputSourceThread.m in Sources */ = {isa = PBXBuildFile; fileRef = F63C314F1D221371004E1CCE /* HRCRunLoopInputSourceThread.m */; };
		F6BE2A6B1D2135A400B5BCCA /* main.m in Sources */ = {isa = PBXBuildFile; fileRef = F6BE2A6A1D2135A400B5BCCA /* main.m */; };
		F6BE2A6E1D2135A400B5BCCA /* AppDelegate.m in Sources */ = {isa = PBXBuildFile; fileRef = F6BE2A6D1D2135A400B5BCCA /* AppDelegate.m */; };
		F6BE2A711D2135A400B5BCCA /* ViewController.m in Sources */ = {isa = PBXBuildFile; fileRef = F6BE2A701D2135A400B5BCCA /* ViewController.m */; };
		F6BE2A741D2135A400B5BCCA /* Main.storyboard in Resources */ = {isa = PBXBuildFile; fileRef = F6BE2A721D2135A400B5BCCA /* Main.storyboard */; };
		F6BE2A761D2135A400B5BCCA /* Assets.xcassets in Resources */ = {isa = PBXBuildFile; fileRef = F6BE2A751D2135A400B5BCCA /* Assets.xcassets */; };
		F6BE2A791D2135A400B5BCCA /* LaunchScreen.storyboard in Resources */ = {isa = PBXBuildFile; fileRef = F6BE2A771D2135A400B5BCCA /* LaunchScreen.storyboard */; };
		F6BE2A821D2137E500B5BCCA /* HRCRunLoopInputSource.m in Sources */ = {isa = PBXBuildFile; fileRef = F6BE2A811D2137E500B5BCCA /* HRCRunLoopInputSource.m */; };
/* End PBXBuildFile section */

/* Begin PBXFileReference section */
		F63C314E1D221371004E1CCE /* HRCRunLoopInputSourceThread.h */ = {isa = PBXFileReference; fileEncoding = 4; lastKnownFileType = sourcecode.c.h; path = HRCRunLoopInputSourceThread.h; sourceTree = "<group>"; };
		F63C314F1D221371004E1CCE /* HRCRunLoopInputSourceThread.m */ = {isa = PBXFileReference; fileEncoding = 4; lastKnownFileType = sourcecode.c.objc; path = HRCRunLoopInputSourceThread.m; sourceTree = "<group>"; };
		F6BE2A661D2135A400B5BCCA /* RunloopSource.app */ = {isa = PBXFileReference; explicitFileType = wrapper.application; includeInIndex = 0; path = RunloopSource.app; sourceTree = BUILT_PRODUCTS_DIR; };
		F6BE2A6A1D2135A400B5BCCA /* main.m */ = {isa = PBXFileReference; lastKnownFileType = sourcecode.c.objc; path = main.m; sourceTree = "<group>"; };
		F6BE2A6C1D2135A400B5BCCA /* AppDelegate.h */ = {isa = PBXFileReference; lastKnownFileType = sourcecode.c.h; path = AppDelegate.h; sourceTree = "<group>"; };
		F6BE2A6D1D2135A400B5BCCA /* AppDelegate.m */ = {isa = PBXFileReference; lastKnownFileType = sourcecode.c.objc; path = AppDelegate.m; sourceTree = "<group>"; };
		F6BE2A6F1D2135A400B5BCCA /* ViewController.h */ = {isa = PBXFileReference; lastKnownFileType = sourcecode.c.h; path = ViewController.h; sourceTree = "<group>"; };
		F6BE2A701D2135A400B5BCCA /* ViewController.m */ = {isa = PBXFileReference; lastKnownFileType = sourcecode.c.objc; path = ViewController.m; sourceTree = "<group>"; };
		F6BE2A731D2135A400B5BCCA /* Base */ = {isa = PBXFileReference; lastKnownFileType = file.storyboard; name = Base; path = Base.lproj/Main.storyboard; sourceTree = "<group>"; };
		F6BE2A751D2135A400B5BCCA /* Assets.xcassets */ = {isa = PBXFileReference; lastKnownFileType = folder.assetcatalog; path = Assets.xcassets; sourceTree = "<group>"; };
		F6BE2A781D2135A400B5BCCA /* Base */ = {isa = PBXFileReference; lastKnownFileType = file.storyboard; name = Base; path = Base.lproj/LaunchScreen.storyboard; sourceTree = "<group>"; };
		F6BE2A7A1D2135A400B5BCCA /* Info.plist */ = {isa = PBXFileReference; lastKnownFileType = text.plist.xml; path = Info.plist; sourceTree = "<group>"; };
		F6BE2A801D2137E500B5BCCA /* HRCRunLoopInputSource.h */ = {isa = PBXFileReference; fileEncoding = 4; lastKnownFileType = sourcecode.c.h; path = HRCRunLoopInputSource.h; sourceTree = "<group>"; };
		F6BE2A811D2137E500B5BCCA /* HRCRunLoopInputSource.m */ = {isa = PBXFileReference; fileEncoding = 4; lastKnownFileType = sourcecode.c.objc; path = HRCRunLoopInputSource.m; sourceTree = "<group>"; };
/* End PBXFileReference section */

/* Begin PBXFrameworksBuildPhase section */
		F6BE2A631D2135A400B5BCCA /* Frameworks */ = {
			isa = PBXFrameworksBuildPhase;
			buildActionMask = 2147483647;
			files = (
			);
			runOnlyForDeploymentPostprocessing = 0;
		};
/* End PBXFrameworksBuildPhase section */

/* Begin PBXGroup section */
		F6BE2A5D1D2135A400B5BCCA = {
			isa = PBXGroup;
			children = (
				F6BE2A681D2135A400B5BCCA /* RunloopSource */,
				F6BE2A671D2135A400B5BCCA /* Products */,
			);
			sourceTree = "<group>";
		};
		F6BE2A671D2135A400B5BCCA /* Products */ = {
			isa = PBXGroup;
			children = (
				F6BE2A661D2135A400B5BCCA /* RunloopSource.app */,
			);
			name = Products;
			sourceTree = "<group>";
		};
		F6BE2A681D2135A400B5BCCA /* RunloopSource */ = {
			isa = PBXGroup;
			children = (
				F6BE2A6C1D2135A400B5BCCA /* AppDelegate.h */,
				F6BE2A6D1D2135A400B5BCCA /* AppDelegate.m */,
				F6BE2A6F1D2135A400B5BCCA /* ViewController.h */,
				F6BE2A701D2135A400B5BCCA /* ViewController.m */,
				F6BE2A801D2137E500B5BCCA /* HRCRunLoopInputSource.h */,
				F6BE2A811D2137E500B5BCCA /* HRCRunLoopInputSource.m */,
				F63C314E1D221371004E1CCE /* HRCRunLoopInputSourceThread.h */,
				F63C314F1D221371004E1CCE /* HRCRunLoopInputSourceThread.m */,
				F6BE2A721D2135A400B5BCCA /* Main.storyboard */,
				F6BE2A751D2135A400B5BCCA /* Assets.xcassets */,
				F6BE2A771D2135A400B5BCCA /* LaunchScreen.storyboard */,
				F6BE2A7A1D2135A400B5BCCA /* Info.plist */,
				F6BE2A691D2135A400B5BCCA /* Supporting Files */,
			);
			path = RunloopSource;
			sourceTree = "<group>";
		};
		F6BE2A691D2135A400B5BCCA /* Supporting Files */ = {
			isa = PBXGroup;
			children = (
				F6BE2A6A1D2135A400B5BCCA /* main.m */,
			);
			name = "Supporting Files";
			sourceTree = "<group>";
		};
/* End PBXGroup section */

/* Begin PBXNativeTarget section */
		F6BE2A651D2135A400B5BCCA /* RunloopSource */ = {
			isa = PBXNativeTarget;
			buildConfigurationList = F6BE2A7D1D2135A400B5BCCA /* Build configuration list for PBXNativeTarget "RunloopSource" */;
			buildPhases = (
				F6BE2A621D2135A400B5BCCA /* Sources */,
				F6BE2A631D2135A400B5BCCA /* Frameworks */,
				F6BE2A641D2135A400B5BCCA /* Resources */,
			);
			buildRules = (
			);
			dependencies = (
			);
			name = RunloopSource;
			productName = RunloopSource;
			productReference = F6BE2A661D2135A400B5BCCA /* RunloopSource.app */;
			productType = "com.apple.product-type.application";
		};
/* End PBXNativeTarget section */

/* Begin PBXProject section */
		F6BE2A5E1D2135A400B5BCCA /* Project object */ = {
			isa = PBXProject;
			attributes = {
				LastUpgradeCheck = 0730;
				ORGANIZATIONNAME = hrc;
				TargetAttributes = {
					F6BE2A651D2135A400B5BCCA = {
						CreatedOnToolsVersion = 7.3.1;
					};
				};
			};
			buildConfigurationList = F6BE2A611D2135A400B5BCCA /* Build configuration list for PBXProject "RunloopSource" */;
			compatibilityVersion = "Xcode 3.2";
			developmentRegion = English;
			hasScannedForEncodings = 0;
			knownRegions = (
				en,
				Base,
			);
			mainGroup = F6BE2A5D1D2135A400B5BCCA;
			productRefGroup = F6BE2A671D2135A400B5BCCA /* Products */;
			projectDirPath = "";
			projectRoot = "";
			targets = (
				F6BE2A651D2135A400B5BCCA /* RunloopSource */,
			);
		};
/* End PBXProject section */

/* Begin PBXResourcesBuildPhase section */
		F6BE2A641D2135A400B5BCCA /* Resources */ = {
			isa = PBXResourcesBuildPhase;
			buildActionMask = 2147483647;
			files = (
				F6BE2A791D2135A400B5BCCA /* LaunchScreen.storyboard in Resources */,
				F6BE2A761D2135A400B5BCCA /* Assets.xcassets in Resources */,
				F6BE2A741D2135A400B5BCCA /* Main.storyboard in Resources */,
			);
			runOnlyForDeploymentPostprocessing = 0;
		};
/* End PBXResourcesBuildPhase section */

/* Begin PBXSourcesBuildPhase section */
		F6BE2A621D2135A400B5BCCA /* Sources */ = {
			isa = PBXSourcesBuildPhase;
			buildActionMask = 2147483647;
			files = (
				F6BE2A711D2135A400B5BCCA /* ViewController.m in Sources */,
				F6BE2A6E1D2135A400B5BCCA /* AppDelegate.m in Sources */,
				F6BE2A6B1D2135A400B5BCCA /* main.m in Sources */,
				F6BE2A821D2137E500B5BCCA /* HRCRunLoopInputSource.m in Sources */,
				F63C31501D221371004E1CCE /* HRCRunLoopInputSourceThread.m in Sources */,
			);
			runOnlyForDeploymentPostprocessing = 0;
		};
/* End PBXSourcesBuildPhase section */

/* Begin PBXVariantGroup section */
		F6BE2A721D2135A400B5BCCA /* Main.storyboard */ = {
			isa = PBXVariantGroup;
			children = (
				F6BE2A731D2135A400B5BCCA /* Base */,
			);
			name = Main.storyboard;
			sourceTree = "<group>";
		};
		F6BE2A771D2135A400B5BCCA /* LaunchScreen.storyboard */ = {
			isa = PBXVariantGroup;
			children = (
				F6BE2A781D2135A400B5BCCA /* Base */,
			);
			name = LaunchScreen.storyboard;
			sourceTree = "<group>";
		};
/* End PBXVariantGroup section */

/* Begin XCBuildConfiguration section */
		F6BE2A7B1D2135A400B5BCCA /* Debug */ = {
			isa = XCBuildConfiguration;
			buildSettings = {
				ALWAYS_SEARCH_USER_PATHS = NO;
				CLANG_ANALYZER_NONNULL = YES;
				CLANG_CXX_LANGUAGE_STANDARD = "gnu++0x";
				CLANG_CXX_LIBRARY = "libc++";
				CLANG_ENABLE_MODULES = YES;
				CLANG_ENABLE_OBJC_ARC = YES;
				CLANG_WARN_BOOL_CONVERSION = YES;
				CLANG_WARN_CONSTANT_CONVERSION = YES;
				CLANG_WARN_DIRECT_OBJC_ISA_USAGE = YES_ERROR;
				CLANG_WARN_EMPTY_BODY = YES;
				CLANG_WARN_ENUM_CONVERSION = YES;
				CLANG_WARN_INT_CONVERSION = YES;
				CLANG_WARN_OBJC_ROOT_CLASS = YES_ERROR;
				CLANG_WARN_UNREACHABLE_CODE = YES;
				CLANG_WARN__DUPLICATE_METHOD_MATCH = YES;
				"CODE_SIGN_IDENTITY[sdk=iphoneos*]" = "iPhone Developer";
				COPY_PHASE_STRIP = NO;
				DEBUG_INFORMATION_FORMAT = dwarf;
				ENABLE_STRICT_OBJC_MSGSEND = YES;
				ENABLE_TESTABILITY = YES;
				GCC_C_LANGUAGE_STANDARD = gnu99;
				GCC_DYNAMIC_NO_PIC = NO;
				GCC_NO_COMMON_BLOCKS = YES;
				GCC_OPTIMIZATION_LEVEL = 0;
				GCC_PREPROCESSOR_DEFINITIONS = (
					"DEBUG=1",
					"$(inherited)",
				);
				GCC_WARN_64_TO_32_BIT_CONVERSION = YES;
				GCC_WARN_ABOUT_RETURN_TYPE = YES_ERROR;
				GCC_WARN_UNDECLARED_SELECTOR = YES;
				GCC_WARN_UNINITIALIZED_AUTOS = YES_AGGRESSIVE;
				GCC_WARN_UNUSED_FUNCTION = YES;
				GCC_WARN_UNUSED_VARIABLE = YES;
				IPHONEOS_DEPLOYMENT_TARGET = 9.3;
				MTL_ENABLE_DEBUG_INFO = YES;
				ONLY_ACTIVE_ARCH = YES;
				SDKROOT = iphoneos;
			};
			name = Debug;
		};
		F6BE2A7C1D2135A400B5BCCA /* Release */ = {
			isa = XCBuildConfiguration;
			buildSettings = {
				ALWAYS_SEARCH_USER_PATHS = NO;
				CLANG_ANALYZER_NONNULL = YES;
				CLANG_CXX_LANGUAGE_STANDARD = "gnu++0x";
				CLANG_CXX_LIBRARY = "libc++";
				CLANG_ENABLE_MODULES = YES;
				CLANG_ENABLE_OBJC_ARC = YES;
				CLANG_WARN_BOOL_CONVERSION = YES;
				CLANG_WARN_CONSTANT_CONVERSION = YES;
				CLANG_WARN_DIRECT_OBJC_ISA_USAGE = YES_ERROR;
				CLANG_WARN_EMPTY_BODY = YES;
				CLANG_WARN_ENUM_CONVERSION = YES;
				CLANG_WARN_INT_CONVERSION = YES;
				CLANG_WARN_OBJC_ROOT_CLASS = YES_ERROR;
				CLANG_WARN_UNREACHABLE_CODE = YES;
				CLANG_WARN__DUPLICATE_METHOD_MATCH = YES;
				"CODE_SIGN_IDENTITY[sdk=iphoneos*]" = "iPhone Developer";
				COPY_PHASE_STRIP = NO;
				DEBUG_INFORMATION_FORMAT = "dwarf-with-dsym";
				ENABLE_NS_ASSERTIONS = NO;
				ENABLE_STRICT_OBJC_MSGSEND = YES;
				GCC_C_LANGUAGE_STANDARD = gnu99;
				GCC_NO_COMMON_BLOCKS = YES;
				GCC_WARN_64_TO_32_BIT_CONVERSION = YES;
				GCC_WARN_ABOUT_RETURN_TYPE = YES_ERROR;
				GCC_WARN_UNDECLARED_SELECTOR = YES;
				GCC_WARN_UNINITIALIZED_AUTOS = YES_AGGRESSIVE;
				GCC_WARN_UNUSED_FUNCTION = YES;
				GCC_WARN_UNUSED_VARIABLE = YES;
				IPHONEOS_DEPLOYMENT_TARGET = 9.3;
				MTL_ENABLE_DEBUG_INFO = NO;
				SDKROOT = iphoneos;
				VALIDATE_PRODUCT = YES;
			};
			name = Release;
		};
		F6BE2A7E1D2135A400B5BCCA /* Debug */ = {
			isa = XCBuildConfiguration;
			buildSettings = {
				ASSETCATALOG_COMPILER_APPICON_NAME = AppIcon;
				INFOPLIST_FILE = RunloopSource/Info.plist;
				IPHONEOS_DEPLOYMENT_TARGET = 8.0;
				LD_RUNPATH_SEARCH_PATHS = "$(inherited) @executable_path/Frameworks";
				PRODUCT_BUNDLE_IDENTIFIER = com.baina.hrc.RunloopSource;
				PRODUCT_NAME = "$(TARGET_NAME)";
			};
			name = Debug;
		};
		F6BE2A7F1D2135A400B5BCCA /* Release */ = {
			isa = XCBuildConfiguration;
			buildSettings = {
				ASSETCATALOG_COMPILER_APPICON_NAME = AppIcon;
				INFOPLIST_FILE = RunloopSource/Info.plist;
				IPHONEOS_DEPLOYMENT_TARGET = 8.0;
				LD_RUNPATH_SEARCH_PATHS = "$(inherited) @executable_path/Frameworks";
				PRODUCT_BUNDLE_IDENTIFIER = com.baina.hrc.RunloopSource;
				PRODUCT_NAME = "$(TARGET_NAME)";
			};
			name = Release;
		};
/* End XCBuildConfiguration section */

/* Begin XCConfigurationList section */
		F6BE2A611D2135A400B5BCCA /* Build configuration list for PBXProject "RunloopSource" */ = {
			isa = XCConfigurationList;
			buildConfigurations = (
				F6BE2A7B1D2135A400B5BCCA /* Debug */,
				F6BE2A7C1D2135A400B5BCCA /* Release */,
			);
			defaultConfigurationIsVisible = 0;
			defaultConfigurationName = Release;
		};
		F6BE2A7D1D2135A400B5BCCA /* Build configuration list for PBXNativeTarget "RunloopSource" */ = {
			isa = XCConfigurationList;
			buildConfigurations = (
				F6BE2A7E1D2135A400B5BCCA /* Debug */,
				F6BE2A7F1D2135A400B5BCCA /* Release */,
			);
			defaultConfigurationIsVisible = 0;
			defaultConfigurationName = Release;
		};
/* End XCConfigurationList section */
	};
	rootObject = F6BE2A5E1D2135A400B5BCCA /* Project object */;
}
